
Microsoft Visual Studio Solution File, Format Version 12.00
# Visual Studio Version 16
VisualStudioVersion = 16.0.31729.503
MinimumVisualStudioVersion = 10.0.40219.1
Project("{8BC9CEB8-8B4A-11D0-8D11-00A0C91BC942}") = "adress_of.c", "adress_of.c\adress_of.c.vcxproj", "{1C289B5E-9DB3-4A17-B764-C2B59EE20265}"
EndProject
Project("{8BC9CEB8-8B4A-11D0-8D11-00A0C91BC942}") = "pointer_variable", "pointer_variable\pointer_variable.vcxproj", "{291345A6-2F7D-4E87-9092-F27FC0F44E23}"
EndProject
Project("{8BC9CEB8-8B4A-11D0-8D11-00A0C91BC942}") = "pointer1", "pointer1\pointer1.vcxproj", "{8BAA5DBA-74D6-4275-B4D5-A191C1CB9E0A}"
EndProject
Project("{8BC9CEB8-8B4A-11D0-8D11-00A0C91BC942}") = "pointer2", "pointer2.c\pointer2.c.vcxproj", "{953F72BF-15C6-44BD-B0B4-BD646A0180A3}"
EndProject
Project("{8BC9CEB8-8B4A-11D0-8D11-00A0C91BC942}") = "pointer3", "pointer3\pointer3.vcxproj", "{82E15F70-D05C-4EC0-9101-D03E26B44C7C}"
EndProject
Project("{8BC9CEB8-8B4A-11D0-8D11-00A0C91BC942}") = "pointer_arith1", "pointer_arith1\pointer_arith1.vcxproj", "{BB8A061F-16A8-4CFF-BC11-584FE5240251}"
EndProject
Project("{8BC9CEB8-8B4A-11D0-8D11-00A0C91BC942}") = "pointer_arith2.c", "pointer_arith2.c\pointer_arith2.c.vcxproj", "{E95B2887-00AB-4660-974F-42141FD8AF49}"
EndProject
Project("{8BC9CEB8-8B4A-11D0-8D11-00A0C91BC942}") = "swap.c", "swap.c\swap.c.vcxproj", "{EC05801F-8FCC-46BB-BBE0-53F06DE8D854}"
EndProject
Project("{8BC9CEB8-8B4A-11D0-8D11-00A0C91BC942}") = "slope", "slope\slope.vcxproj", "{6A60D646-CA0C-401A-AB5E-9ED488C7866D}"
EndProject
Project("{8BC9CEB8-8B4A-11D0-8D11-00A0C91BC942}") = "p_array", "array\array.vcxproj", "{33439F57-0600-45AD-BFBE-02D5F576A33A}"
EndProject
Project("{8BC9CEB8-8B4A-11D0-8D11-00A0C91BC942}") = "p_array2", "p_array2\p_array2.vcxproj", "{61E53AB1-EA0A-4F76-8CE5-DF92CA399C7B}"
EndProject
Project("{8BC9CEB8-8B4A-11D0-8D11-00A0C91BC942}") = "01", "01\01.vcxproj", "{6BCE7A1B-017C-4060-8CF3-30BFE03DAC91}"
EndProject
Project("{8BC9CEB8-8B4A-11D0-8D11-00A0C91BC942}") = "02", "02\02.vcxproj", "{4D9DFB75-4FD8-4648-8948-2774F0A0B269}"
EndProject
Project("{8BC9CEB8-8B4A-11D0-8D11-00A0C91BC942}") = "03", "03\03.vcxproj", "{77CEC605-DC9A-4274-B04C-617155ECC74A}"
EndProject
Project("{8BC9CEB8-8B4A-11D0-8D11-00A0C91BC942}") = "05", "05\05.vcxproj", "{92BFC02D-0DA5-456C-9940-04C567EA8169}"
EndProject
Project("{8BC9CEB8-8B4A-11D0-8D11-00A0C91BC942}") = "04", "04\04.vcxproj", "{C6A47FB8-D941-4DC4-A9EB-411F5E91BEA7}"
EndProject
Project("{8BC9CEB8-8B4A-11D0-8D11-00A0C91BC942}") = "06", "06\06.vcxproj", "{5AEEBD13-16F5-4599-9404-70FB8A732ABC}"
EndProject
Project("{8BC9CEB8-8B4A-11D0-8D11-00A0C91BC942}") = "07", "07\07.vcxproj", "{CF9328D1-DAA5-45F9-8102-EEF0F57EFB8C}"
EndProject
Project("{8BC9CEB8-8B4A-11D0-8D11-00A0C91BC942}") = "08", "08\08.vcxproj", "{BB49C031-0359-44B8-9100-21F8EDB238B7}"
EndProject
Project("{8BC9CEB8-8B4A-11D0-8D11-00A0C91BC942}") = "10", "10\10.vcxproj", "{5D58F737-3BCA-4599-8476-3E244BCF35EC}"
EndProject
Project("{8BC9CEB8-8B4A-11D0-8D11-00A0C91BC942}") = "11", "11\11.vcxproj", "{426EC808-E1C0-41DA-817C-0F6DC7B2798F}"
EndProject
Project("{8BC9CEB8-8B4A-11D0-8D11-00A0C91BC942}") = "09", "09\09.vcxproj", "{F1CC84C6-9520-4E29-BD55-4EE8BBBAB4A8}"
EndProject
Global
	GlobalSection(SolutionConfigurationPlatforms) = preSolution
		Debug|x64 = Debug|x64
		Debug|x86 = Debug|x86
		Release|x64 = Release|x64
		Release|x86 = Release|x86
	EndGlobalSection
	GlobalSection(ProjectConfigurationPlatforms) = postSolution
		{1C289B5E-9DB3-4A17-B764-C2B59EE20265}.Debug|x64.ActiveCfg = Debug|x64
		{1C289B5E-9DB3-4A17-B764-C2B59EE20265}.Debug|x64.Build.0 = Debug|x64
		{1C289B5E-9DB3-4A17-B764-C2B59EE20265}.Debug|x86.ActiveCfg = Debug|Win32
		{1C289B5E-9DB3-4A17-B764-C2B59EE20265}.Debug|x86.Build.0 = Debug|Win32
		{1C289B5E-9DB3-4A17-B764-C2B59EE20265}.Release|x64.ActiveCfg = Release|x64
		{1C289B5E-9DB3-4A17-B764-C2B59EE20265}.Release|x64.Build.0 = Release|x64
		{1C289B5E-9DB3-4A17-B764-C2B59EE20265}.Release|x86.ActiveCfg = Release|Win32
		{1C289B5E-9DB3-4A17-B764-C2B59EE20265}.Release|x86.Build.0 = Release|Win32
		{291345A6-2F7D-4E87-9092-F27FC0F44E23}.Debug|x64.ActiveCfg = Debug|x64
		{291345A6-2F7D-4E87-9092-F27FC0F44E23}.Debug|x64.Build.0 = Debug|x64
		{291345A6-2F7D-4E87-9092-F27FC0F44E23}.Debug|x86.ActiveCfg = Debug|Win32
		{291345A6-2F7D-4E87-9092-F27FC0F44E23}.Debug|x86.Build.0 = Debug|Win32
		{291345A6-2F7D-4E87-9092-F27FC0F44E23}.Release|x64.ActiveCfg = Release|x64
		{291345A6-2F7D-4E87-9092-F27FC0F44E23}.Release|x64.Build.0 = Release|x64
		{291345A6-2F7D-4E87-9092-F27FC0F44E23}.Release|x86.ActiveCfg = Release|Win32
		{291345A6-2F7D-4E87-9092-F27FC0F44E23}.Release|x86.Build.0 = Release|Win32
		{8BAA5DBA-74D6-4275-B4D5-A191C1CB9E0A}.Debug|x64.ActiveCfg = Debug|x64
		{8BAA5DBA-74D6-4275-B4D5-A191C1CB9E0A}.Debug|x64.Build.0 = Debug|x64
		{8BAA5DBA-74D6-4275-B4D5-A191C1CB9E0A}.Debug|x86.ActiveCfg = Debug|Win32
		{8BAA5DBA-74D6-4275-B4D5-A191C1CB9E0A}.Debug|x86.Build.0 = Debug|Win32
		{8BAA5DBA-74D6-4275-B4D5-A191C1CB9E0A}.Release|x64.ActiveCfg = Release|x64
		{8BAA5DBA-74D6-4275-B4D5-A191C1CB9E0A}.Release|x64.Build.0 = Release|x64
		{8BAA5DBA-74D6-4275-B4D5-A191C1CB9E0A}.Release|x86.ActiveCfg = Release|Win32
		{8BAA5DBA-74D6-4275-B4D5-A191C1CB9E0A}.Release|x86.Build.0 = Release|Win32
		{953F72BF-15C6-44BD-B0B4-BD646A0180A3}.Debug|x64.ActiveCfg = Debug|x64
		{953F72BF-15C6-44BD-B0B4-BD646A0180A3}.Debug|x64.Build.0 = Debug|x64
		{953F72BF-15C6-44BD-B0B4-BD646A0180A3}.Debug|x86.ActiveCfg = Debug|Win32
		{953F72BF-15C6-44BD-B0B4-BD646A0180A3}.Debug|x86.Build.0 = Debug|Win32
		{953F72BF-15C6-44BD-B0B4-BD646A0180A3}.Release|x64.ActiveCfg = Release|x64
		{953F72BF-15C6-44BD-B0B4-BD646A0180A3}.Release|x64.Build.0 = Release|x64
		{953F72BF-15C6-44BD-B0B4-BD646A0180A3}.Release|x86.ActiveCfg = Release|Win32
		{953F72BF-15C6-44BD-B0B4-BD646A0180A3}.Release|x86.Build.0 = Release|Win32
		{82E15F70-D05C-4EC0-9101-D03E26B44C7C}.Debug|x64.ActiveCfg = Debug|x64
		{82E15F70-D05C-4EC0-9101-D03E26B44C7C}.Debug|x64.Build.0 = Debug|x64
		{82E15F70-D05C-4EC0-9101-D03E26B44C7C}.Debug|x86.ActiveCfg = Debug|Win32
		{82E15F70-D05C-4EC0-9101-D03E26B44C7C}.Debug|x86.Build.0 = Debug|Win32
		{82E15F70-D05C-4EC0-9101-D03E26B44C7C}.Release|x64.ActiveCfg = Release|x64
		{82E15F70-D05C-4EC0-9101-D03E26B44C7C}.Release|x64.Build.0 = Release|x64
		{82E15F70-D05C-4EC0-9101-D03E26B44C7C}.Release|x86.ActiveCfg = Release|Win32
		{82E15F70-D05C-4EC0-9101-D03E26B44C7C}.Release|x86.Build.0 = Release|Win32
		{BB8A061F-16A8-4CFF-BC11-584FE5240251}.Debug|x64.ActiveCfg = Debug|x64
		{BB8A061F-16A8-4CFF-BC11-584FE5240251}.Debug|x64.Build.0 = Debug|x64
		{BB8A061F-16A8-4CFF-BC11-584FE5240251}.Debug|x86.ActiveCfg = Debug|Win32
		{BB8A061F-16A8-4CFF-BC11-584FE5240251}.Debug|x86.Build.0 = Debug|Win32
		{BB8A061F-16A8-4CFF-BC11-584FE5240251}.Release|x64.ActiveCfg = Release|x64
		{BB8A061F-16A8-4CFF-BC11-584FE5240251}.Release|x64.Build.0 = Release|x64
		{BB8A061F-16A8-4CFF-BC11-584FE5240251}.Release|x86.ActiveCfg = Release|Win32
		{BB8A061F-16A8-4CFF-BC11-584FE5240251}.Release|x86.Build.0 = Release|Win32
		{E95B2887-00AB-4660-974F-42141FD8AF49}.Debug|x64.ActiveCfg = Debug|x64
		{E95B2887-00AB-4660-974F-42141FD8AF49}.Debug|x64.Build.0 = Debug|x64
		{E95B2887-00AB-4660-974F-42141FD8AF49}.Debug|x86.ActiveCfg = Debug|Win32
		{E95B2887-00AB-4660-974F-42141FD8AF49}.Debug|x86.Build.0 = Debug|Win32
		{E95B2887-00AB-4660-974F-42141FD8AF49}.Release|x64.ActiveCfg = Release|x64
		{E95B2887-00AB-4660-974F-42141FD8AF49}.Release|x64.Build.0 = Release|x64
		{E95B2887-00AB-4660-974F-42141FD8AF49}.Release|x86.ActiveCfg = Release|Win32
		{E95B2887-00AB-4660-974F-42141FD8AF49}.Release|x86.Build.0 = Release|Win32
		{EC05801F-8FCC-46BB-BBE0-53F06DE8D854}.Debug|x64.ActiveCfg = Debug|x64
		{EC05801F-8FCC-46BB-BBE0-53F06DE8D854}.Debug|x64.Build.0 = Debug|x64
		{EC05801F-8FCC-46BB-BBE0-53F06DE8D854}.Debug|x86.ActiveCfg = Debug|Win32
		{EC05801F-8FCC-46BB-BBE0-53F06DE8D854}.Debug|x86.Build.0 = Debug|Win32
		{EC05801F-8FCC-46BB-BBE0-53F06DE8D854}.Release|x64.ActiveCfg = Release|x64
		{EC05801F-8FCC-46BB-BBE0-53F06DE8D854}.Release|x64.Build.0 = Release|x64
		{EC05801F-8FCC-46BB-BBE0-53F06DE8D854}.Release|x86.ActiveCfg = Release|Win32
		{EC05801F-8FCC-46BB-BBE0-53F06DE8D854}.Release|x86.Build.0 = Release|Win32
		{6A60D646-CA0C-401A-AB5E-9ED488C7866D}.Debug|x64.ActiveCfg = Debug|x64
		{6A60D646-CA0C-401A-AB5E-9ED488C7866D}.Debug|x64.Build.0 = Debug|x64
		{6A60D646-CA0C-401A-AB5E-9ED488C7866D}.Debug|x86.ActiveCfg = Debug|Win32
		{6A60D646-CA0C-401A-AB5E-9ED488C7866D}.Debug|x86.Build.0 = Debug|Win32
		{6A60D646-CA0C-401A-AB5E-9ED488C7866D}.Release|x64.ActiveCfg = Release|x64
		{6A60D646-CA0C-401A-AB5E-9ED488C7866D}.Release|x64.Build.0 = Release|x64
		{6A60D646-CA0C-401A-AB5E-9ED488C7866D}.Release|x86.ActiveCfg = Release|Win32
		{6A60D646-CA0C-401A-AB5E-9ED488C7866D}.Release|x86.Build.0 = Release|Win32
		{33439F57-0600-45AD-BFBE-02D5F576A33A}.Debug|x64.ActiveCfg = Debug|x64
		{33439F57-0600-45AD-BFBE-02D5F576A33A}.Debug|x64.Build.0 = Debug|x64
		{33439F57-0600-45AD-BFBE-02D5F576A33A}.Debug|x86.ActiveCfg = Debug|Win32
		{33439F57-0600-45AD-BFBE-02D5F576A33A}.Debug|x86.Build.0 = Debug|Win32
		{33439F57-0600-45AD-BFBE-02D5F576A33A}.Release|x64.ActiveCfg = Release|x64
		{33439F57-0600-45AD-BFBE-02D5F576A33A}.Release|x64.Build.0 = Release|x64
		{33439F57-0600-45AD-BFBE-02D5F576A33A}.Release|x86.ActiveCfg = Release|Win32
		{33439F57-0600-45AD-BFBE-02D5F576A33A}.Release|x86.Build.0 = Release|Win32
		{61E53AB1-EA0A-4F76-8CE5-DF92CA399C7B}.Debug|x64.ActiveCfg = Debug|x64
		{61E53AB1-EA0A-4F76-8CE5-DF92CA399C7B}.Debug|x64.Build.0 = Debug|x64
		{61E53AB1-EA0A-4F76-8CE5-DF92CA399C7B}.Debug|x86.ActiveCfg = Debug|Win32
		{61E53AB1-EA0A-4F76-8CE5-DF92CA399C7B}.Debug|x86.Build.0 = Debug|Win32
		{61E53AB1-EA0A-4F76-8CE5-DF92CA399C7B}.Release|x64.ActiveCfg = Release|x64
		{61E53AB1-EA0A-4F76-8CE5-DF92CA399C7B}.Release|x64.Build.0 = Release|x64
		{61E53AB1-EA0A-4F76-8CE5-DF92CA399C7B}.Release|x86.ActiveCfg = Release|Win32
		{61E53AB1-EA0A-4F76-8CE5-DF92CA399C7B}.Release|x86.Build.0 = Release|Win32
		{6BCE7A1B-017C-4060-8CF3-30BFE03DAC91}.Debug|x64.ActiveCfg = Debug|x64
		{6BCE7A1B-017C-4060-8CF3-30BFE03DAC91}.Debug|x64.Build.0 = Debug|x64
		{6BCE7A1B-017C-4060-8CF3-30BFE03DAC91}.Debug|x86.ActiveCfg = Debug|Win32
		{6BCE7A1B-017C-4060-8CF3-30BFE03DAC91}.Debug|x86.Build.0 = Debug|Win32
		{6BCE7A1B-017C-4060-8CF3-30BFE03DAC91}.Release|x64.ActiveCfg = Release|x64
		{6BCE7A1B-017C-4060-8CF3-30BFE03DAC91}.Release|x64.Build.0 = Release|x64
		{6BCE7A1B-017C-4060-8CF3-30BFE03DAC91}.Release|x86.ActiveCfg = Release|Win32
		{6BCE7A1B-017C-4060-8CF3-30BFE03DAC91}.Release|x86.Build.0 = Release|Win32
		{4D9DFB75-4FD8-4648-8948-2774F0A0B269}.Debug|x64.ActiveCfg = Debug|x64
		{4D9DFB75-4FD8-4648-8948-2774F0A0B269}.Debug|x64.Build.0 = Debug|x64
		{4D9DFB75-4FD8-4648-8948-2774F0A0B269}.Debug|x86.ActiveCfg = Debug|Win32
		{4D9DFB75-4FD8-4648-8948-2774F0A0B269}.Debug|x86.Build.0 = Debug|Win32
		{4D9DFB75-4FD8-4648-8948-2774F0A0B269}.Release|x64.ActiveCfg = Release|x64
		{4D9DFB75-4FD8-4648-8948-2774F0A0B269}.Release|x64.Build.0 = Release|x64
		{4D9DFB75-4FD8-4648-8948-2774F0A0B269}.Release|x86.ActiveCfg = Release|Win32
		{4D9DFB75-4FD8-4648-8948-2774F0A0B269}.Release|x86.Build.0 = Release|Win32
		{77CEC605-DC9A-4274-B04C-617155ECC74A}.Debug|x64.ActiveCfg = Debug|x64
		{77CEC605-DC9A-4274-B04C-617155ECC74A}.Debug|x64.Build.0 = Debug|x64
		{77CEC605-DC9A-4274-B04C-617155ECC74A}.Debug|x86.ActiveCfg = Debug|Win32
		{77CEC605-DC9A-4274-B04C-617155ECC74A}.Debug|x86.Build.0 = Debug|Win32
		{77CEC605-DC9A-4274-B04C-617155ECC74A}.Release|x64.ActiveCfg = Release|x64
		{77CEC605-DC9A-4274-B04C-617155ECC74A}.Release|x64.Build.0 = Release|x64
		{77CEC605-DC9A-4274-B04C-617155ECC74A}.Release|x86.ActiveCfg = Release|Win32
		{77CEC605-DC9A-4274-B04C-617155ECC74A}.Release|x86.Build.0 = Release|Win32
		{92BFC02D-0DA5-456C-9940-04C567EA8169}.Debug|x64.ActiveCfg = Debug|x64
		{92BFC02D-0DA5-456C-9940-04C567EA8169}.Debug|x64.Build.0 = Debug|x64
		{92BFC02D-0DA5-456C-9940-04C567EA8169}.Debug|x86.ActiveCfg = Debug|Win32
		{92BFC02D-0DA5-456C-9940-04C567EA8169}.Debug|x86.Build.0 = Debug|Win32
		{92BFC02D-0DA5-456C-9940-04C567EA8169}.Release|x64.ActiveCfg = Release|x64
		{92BFC02D-0DA5-456C-9940-04C567EA8169}.Release|x64.Build.0 = Release|x64
		{92BFC02D-0DA5-456C-9940-04C567EA8169}.Release|x86.ActiveCfg = Release|Win32
		{92BFC02D-0DA5-456C-9940-04C567EA8169}.Release|x86.Build.0 = Release|Win32
		{C6A47FB8-D941-4DC4-A9EB-411F5E91BEA7}.Debug|x64.ActiveCfg = Debug|x64
		{C6A47FB8-D941-4DC4-A9EB-411F5E91BEA7}.Debug|x64.Build.0 = Debug|x64
		{C6A47FB8-D941-4DC4-A9EB-411F5E91BEA7}.Debug|x86.ActiveCfg = Debug|Win32
		{C6A47FB8-D941-4DC4-A9EB-411F5E91BEA7}.Debug|x86.Build.0 = Debug|Win32
		{C6A47FB8-D941-4DC4-A9EB-411F5E91BEA7}.Release|x64.ActiveCfg = Release|x64
		{C6A47FB8-D941-4DC4-A9EB-411F5E91BEA7}.Release|x64.Build.0 = Release|x64
		{C6A47FB8-D941-4DC4-A9EB-411F5E91BEA7}.Release|x86.ActiveCfg = Release|Win32
		{C6A47FB8-D941-4DC4-A9EB-411F5E91BEA7}.Release|x86.Build.0 = Release|Win32
		{5AEEBD13-16F5-4599-9404-70FB8A732ABC}.Debug|x64.ActiveCfg = Debug|x64
		{5AEEBD13-16F5-4599-9404-70FB8A732ABC}.Debug|x64.Build.0 = Debug|x64
		{5AEEBD13-16F5-4599-9404-70FB8A732ABC}.Debug|x86.ActiveCfg = Debug|Win32
		{5AEEBD13-16F5-4599-9404-70FB8A732ABC}.Debug|x86.Build.0 = Debug|Win32
		{5AEEBD13-16F5-4599-9404-70FB8A732ABC}.Release|x64.ActiveCfg = Release|x64
		{5AEEBD13-16F5-4599-9404-70FB8A732ABC}.Release|x64.Build.0 = Release|x64
		{5AEEBD13-16F5-4599-9404-70FB8A732ABC}.Release|x86.ActiveCfg = Release|Win32
		{5AEEBD13-16F5-4599-9404-70FB8A732ABC}.Release|x86.Build.0 = Release|Win32
		{CF9328D1-DAA5-45F9-8102-EEF0F57EFB8C}.Debug|x64.ActiveCfg = Debug|x64
		{CF9328D1-DAA5-45F9-8102-EEF0F57EFB8C}.Debug|x64.Build.0 = Debug|x64
		{CF9328D1-DAA5-45F9-8102-EEF0F57EFB8C}.Debug|x86.ActiveCfg = Debug|Win32
		{CF9328D1-DAA5-45F9-8102-EEF0F57EFB8C}.Debug|x86.Build.0 = Debug|Win32
		{CF9328D1-DAA5-45F9-8102-EEF0F57EFB8C}.Release|x64.ActiveCfg = Release|x64
		{CF9328D1-DAA5-45F9-8102-EEF0F57EFB8C}.Release|x64.Build.0 = Release|x64
		{CF9328D1-DAA5-45F9-8102-EEF0F57EFB8C}.Release|x86.ActiveCfg = Release|Win32
		{CF9328D1-DAA5-45F9-8102-EEF0F57EFB8C}.Release|x86.Build.0 = Release|Win32
		{BB49C031-0359-44B8-9100-21F8EDB238B7}.Debug|x64.ActiveCfg = Debug|x64
		{BB49C031-0359-44B8-9100-21F8EDB238B7}.Debug|x64.Build.0 = Debug|x64
		{BB49C031-0359-44B8-9100-21F8EDB238B7}.Debug|x86.ActiveCfg = Debug|Win32
		{BB49C031-0359-44B8-9100-21F8EDB238B7}.Debug|x86.Build.0 = Debug|Win32
		{BB49C031-0359-44B8-9100-21F8EDB238B7}.Release|x64.ActiveCfg = Release|x64
		{BB49C031-0359-44B8-9100-21F8EDB238B7}.Release|x64.Build.0 = Release|x64
		{BB49C031-0359-44B8-9100-21F8EDB238B7}.Release|x86.ActiveCfg = Release|Win32
		{BB49C031-0359-44B8-9100-21F8EDB238B7}.Release|x86.Build.0 = Release|Win32
		{5D58F737-3BCA-4599-8476-3E244BCF35EC}.Debug|x64.ActiveCfg = Debug|x64
		{5D58F737-3BCA-4599-8476-3E244BCF35EC}.Debug|x64.Build.0 = Debug|x64
		{5D58F737-3BCA-4599-8476-3E244BCF35EC}.Debug|x86.ActiveCfg = Debug|Win32
		{5D58F737-3BCA-4599-8476-3E244BCF35EC}.Debug|x86.Build.0 = Debug|Win32
		{5D58F737-3BCA-4599-8476-3E244BCF35EC}.Release|x64.ActiveCfg = Release|x64
		{5D58F737-3BCA-4599-8476-3E244BCF35EC}.Release|x64.Build.0 = Release|x64
		{5D58F737-3BCA-4599-8476-3E244BCF35EC}.Release|x86.ActiveCfg = Release|Win32
		{5D58F737-3BCA-4599-8476-3E244BCF35EC}.Release|x86.Build.0 = Release|Win32
		{426EC808-E1C0-41DA-817C-0F6DC7B2798F}.Debug|x64.ActiveCfg = Debug|x64
		{426EC808-E1C0-41DA-817C-0F6DC7B2798F}.Debug|x64.Build.0 = Debug|x64
		{426EC808-E1C0-41DA-817C-0F6DC7B2798F}.Debug|x86.ActiveCfg = Debug|Win32
		{426EC808-E1C0-41DA-817C-0F6DC7B2798F}.Debug|x86.Build.0 = Debug|Win32
		{426EC808-E1C0-41DA-817C-0F6DC7B2798F}.Release|x64.ActiveCfg = Release|x64
		{426EC808-E1C0-41DA-817C-0F6DC7B2798F}.Release|x64.Build.0 = Release|x64
		{426EC808-E1C0-41DA-817C-0F6DC7B2798F}.Release|x86.ActiveCfg = Release|Win32
		{426EC808-E1C0-41DA-817C-0F6DC7B2798F}.Release|x86.Build.0 = Release|Win32
		{F1CC84C6-9520-4E29-BD55-4EE8BBBAB4A8}.Debug|x64.ActiveCfg = Debug|x64
		{F1CC84C6-9520-4E29-BD55-4EE8BBBAB4A8}.Debug|x64.Build.0 = Debug|x64
		{F1CC84C6-9520-4E29-BD55-4EE8BBBAB4A8}.Debug|x86.ActiveCfg = Debug|Win32
		{F1CC84C6-9520-4E29-BD55-4EE8BBBAB4A8}.Debug|x86.Build.0 = Debug|Win32
		{F1CC84C6-9520-4E29-BD55-4EE8BBBAB4A8}.Release|x64.ActiveCfg = Release|x64
		{F1CC84C6-9520-4E29-BD55-4EE8BBBAB4A8}.Release|x64.Build.0 = Release|x64
		{F1CC84C6-9520-4E29-BD55-4EE8BBBAB4A8}.Release|x86.ActiveCfg = Release|Win32
		{F1CC84C6-9520-4E29-BD55-4EE8BBBAB4A8}.Release|x86.Build.0 = Release|Win32
	EndGlobalSection
	GlobalSection(SolutionProperties) = preSolution
		HideSolutionNode = FALSE
	EndGlobalSection
	GlobalSection(ExtensibilityGlobals) = postSolution
		SolutionGuid = {977276A2-B1CE-4BBA-8973-85FD38666A82}
	EndGlobalSection
EndGlobal
